
Microsoft Visual Studio Solution File, Format Version 12.00
# Visual Studio 14
VisualStudioVersion = 14.0.25420.1
MinimumVisualStudioVersion = 10.0.40219.1
Project("{FAE04EC0-301F-11D3-BF4B-00C04F79EFBC}") = "WebApplication1", "WebApplication1\WebApplication1.csproj", "{7869BA5A-FFA2-4092-A112-CCFE7C3D3BBD}"
EndProject
Project("{FAE04EC0-301F-11D3-BF4B-00C04F79EFBC}") = "Diaygeia", "Diaygeia\Diaygeia.csproj", "{318FFB10-D728-49C7-98B5-0570730DDDA3}"
EndProject
Global
	GlobalSection(SolutionConfigurationPlatforms) = preSolution
		Debug|Any CPU = Debug|Any CPU
		Release|Any CPU = Release|Any CPU
	EndGlobalSection
	GlobalSection(ProjectConfigurationPlatforms) = postSolution
		{7869BA5A-FFA2-4092-A112-CCFE7C3D3BBD}.Debug|Any CPU.ActiveCfg = Debug|Any CPU
		{7869BA5A-FFA2-4092-A112-CCFE7C3D3BBD}.Debug|Any CPU.Build.0 = Debug|Any CPU
		{7869BA5A-FFA2-4092-A112-CCFE7C3D3BBD}.Release|Any CPU.ActiveCfg = Release|Any CPU
		{7869BA5A-FFA2-4092-A112-CCFE7C3D3BBD}.Release|Any CPU.Build.0 = Release|Any CPU
		{318FFB10-D728-49C7-98B5-0570730DDDA3}.Debug|Any CPU.ActiveCfg = Debug|Any CPU
		{318FFB10-D728-49C7-98B5-0570730DDDA3}.Debug|Any CPU.Build.0 = Debug|Any CPU
		{318FFB10-D728-49C7-98B5-0570730DDDA3}.Release|Any CPU.ActiveCfg = Release|Any CPU
		{318FFB10-D728-49C7-98B5-0570730DDDA3}.Release|Any CPU.Build.0 = Release|Any CPU
	EndGlobalSection
	GlobalSection(SolutionProperties) = preSolution
		HideSolutionNode = FALSE
	EndGlobalSection
EndGlobal
